
Microsoft Visual Studio Solution File, Format Version 12.00
# Visual Studio Version 17
VisualStudioVersion = 17.5.33627.172
MinimumVisualStudioVersion = 10.0.40219.1
Project("{FAE04EC0-301F-11D3-BF4B-00C04F79EFBC}") = "UnionFind", "UnionFind.csproj", "{EFDDBB27-E7F8-4998-BF85-C4D3B2D0AF98}"
EndProject
Global
	GlobalSection(SolutionConfigurationPlatforms) = preSolution
		Debug|Any CPU = Debug|Any CPU
		Release|Any CPU = Release|Any CPU
	EndGlobalSection
	GlobalSection(ProjectConfigurationPlatforms) = postSolution
		{EFDDBB27-E7F8-4998-BF85-C4D3B2D0AF98}.Debug|Any CPU.ActiveCfg = Debug|Any CPU
		{EFDDBB27-E7F8-4998-BF85-C4D3B2D0AF98}.Debug|Any CPU.Build.0 = Debug|Any CPU
		{EFDDBB27-E7F8-4998-BF85-C4D3B2D0AF98}.Release|Any CPU.ActiveCfg = Release|Any CPU
		{EFDDBB27-E7F8-4998-BF85-C4D3B2D0AF98}.Release|Any CPU.Build.0 = Release|Any CPU
	EndGlobalSection
	GlobalSection(SolutionProperties) = preSolution
		HideSolutionNode = FALSE
	EndGlobalSection
	GlobalSection(ExtensibilityGlobals) = postSolution
		SolutionGuid = {1989F4C6-AD79-41EB-8219-59E2453B2AC1}
	EndGlobalSection
EndGlobal
